
Microsoft Visual Studio Solution File, Format Version 12.00
# Visual Studio Version 17
VisualStudioVersion = 17.9.34728.123
MinimumVisualStudioVersion = 10.0.40219.1
Project("{FAE04EC0-301F-11D3-BF4B-00C04F79EFBC}") = "customtextbox", "customtextbox\customtextbox.csproj", "{BF79D9F7-674F-4FA6-BBB4-8B68BEBA2B87}"
EndProject
Global
	GlobalSection(SolutionConfigurationPlatforms) = preSolution
		Debug|Any CPU = Debug|Any CPU
		Release|Any CPU = Release|Any CPU
	EndGlobalSection
	GlobalSection(ProjectConfigurationPlatforms) = postSolution
		{BF79D9F7-674F-4FA6-BBB4-8B68BEBA2B87}.Debug|Any CPU.ActiveCfg = Debug|Any CPU
		{BF79D9F7-674F-4FA6-BBB4-8B68BEBA2B87}.Debug|Any CPU.Build.0 = Debug|Any CPU
		{BF79D9F7-674F-4FA6-BBB4-8B68BEBA2B87}.Release|Any CPU.ActiveCfg = Release|Any CPU
		{BF79D9F7-674F-4FA6-BBB4-8B68BEBA2B87}.Release|Any CPU.Build.0 = Release|Any CPU
	EndGlobalSection
	GlobalSection(SolutionProperties) = preSolution
		HideSolutionNode = FALSE
	EndGlobalSection
	GlobalSection(ExtensibilityGlobals) = postSolution
		SolutionGuid = {1078DC65-2AB1-431A-A871-DDCBD2FA5865}
	EndGlobalSection
EndGlobal
